
Microsoft Visual Studio Solution File, Format Version 12.00
# Visual Studio Version 17
VisualStudioVersion = 17.8.34212.112
MinimumVisualStudioVersion = 10.0.40219.1
Project("{9A19103F-16F7-4668-BE54-9A1E7A4F7556}") = "WikiExtractor.XamarinForms", "..\WikiExtractor.XamarinForms\WikiExtractor.XamarinForms.csproj", "{A4B9ADB4-2E1E-411D-B9CE-B1EACC76B8DB}"
EndProject
Project("{FAE04EC0-301F-11D3-BF4B-00C04F79EFBC}") = "ChristianCatholicSaints.Android", "..\WikiExtractor.XamarinForms.App\ChristianCatholicSaints\ChristianCatholicSaints.Android\ChristianCatholicSaints.Android.csproj", "{0AB90154-CA7B-4368-AE73-B36A464AE270}"
EndProject
Project("{FAE04EC0-301F-11D3-BF4B-00C04F79EFBC}") = "ChristianCatholicSaints.iOS", "..\WikiExtractor.XamarinForms.App\ChristianCatholicSaints\ChristianCatholicSaints.iOS\ChristianCatholicSaints.iOS.csproj", "{5298DF19-AED4-4359-A304-06E9B39F9C46}"
EndProject
Project("{FAE04EC0-301F-11D3-BF4B-00C04F79EFBC}") = "ChristianCatholicSaints.UWP", "..\WikiExtractor.XamarinForms.App\ChristianCatholicSaints\ChristianCatholicSaints.UWP\ChristianCatholicSaints.UWP.csproj", "{1354958C-15A8-42AC-BAF5-1B0BF0BE06F2}"
EndProject
Global
	GlobalSection(SolutionConfigurationPlatforms) = preSolution
		Debug|Any CPU = Debug|Any CPU
		Debug|ARM = Debug|ARM
		Debug|iPhone = Debug|iPhone
		Debug|iPhoneSimulator = Debug|iPhoneSimulator
		Debug|x64 = Debug|x64
		Debug|x86 = Debug|x86
		Release|Any CPU = Release|Any CPU
		Release|ARM = Release|ARM
		Release|iPhone = Release|iPhone
		Release|iPhoneSimulator = Release|iPhoneSimulator
		Release|x64 = Release|x64
		Release|x86 = Release|x86
	EndGlobalSection
	GlobalSection(ProjectConfigurationPlatforms) = postSolution
		{A4B9ADB4-2E1E-411D-B9CE-B1EACC76B8DB}.Debug|Any CPU.ActiveCfg = Debug|Any CPU
		{A4B9ADB4-2E1E-411D-B9CE-B1EACC76B8DB}.Debug|Any CPU.Build.0 = Debug|Any CPU
		{A4B9ADB4-2E1E-411D-B9CE-B1EACC76B8DB}.Debug|ARM.ActiveCfg = Debug|Any CPU
		{A4B9ADB4-2E1E-411D-B9CE-B1EACC76B8DB}.Debug|ARM.Build.0 = Debug|Any CPU
		{A4B9ADB4-2E1E-411D-B9CE-B1EACC76B8DB}.Debug|iPhone.ActiveCfg = Debug|Any CPU
		{A4B9ADB4-2E1E-411D-B9CE-B1EACC76B8DB}.Debug|iPhone.Build.0 = Debug|Any CPU
		{A4B9ADB4-2E1E-411D-B9CE-B1EACC76B8DB}.Debug|iPhoneSimulator.ActiveCfg = Debug|Any CPU
		{A4B9ADB4-2E1E-411D-B9CE-B1EACC76B8DB}.Debug|iPhoneSimulator.Build.0 = Debug|Any CPU
		{A4B9ADB4-2E1E-411D-B9CE-B1EACC76B8DB}.Debug|x64.ActiveCfg = Debug|Any CPU
		{A4B9ADB4-2E1E-411D-B9CE-B1EACC76B8DB}.Debug|x64.Build.0 = Debug|Any CPU
		{A4B9ADB4-2E1E-411D-B9CE-B1EACC76B8DB}.Debug|x86.ActiveCfg = Debug|Any CPU
		{A4B9ADB4-2E1E-411D-B9CE-B1EACC76B8DB}.Debug|x86.Build.0 = Debug|Any CPU
		{A4B9ADB4-2E1E-411D-B9CE-B1EACC76B8DB}.Release|Any CPU.ActiveCfg = Release|Any CPU
		{A4B9ADB4-2E1E-411D-B9CE-B1EACC76B8DB}.Release|Any CPU.Build.0 = Release|Any CPU
		{A4B9ADB4-2E1E-411D-B9CE-B1EACC76B8DB}.Release|ARM.ActiveCfg = Release|Any CPU
		{A4B9ADB4-2E1E-411D-B9CE-B1EACC76B8DB}.Release|ARM.Build.0 = Release|Any CPU
		{A4B9ADB4-2E1E-411D-B9CE-B1EACC76B8DB}.Release|iPhone.ActiveCfg = Release|Any CPU
		{A4B9ADB4-2E1E-411D-B9CE-B1EACC76B8DB}.Release|iPhone.Build.0 = Release|Any CPU
		{A4B9ADB4-2E1E-411D-B9CE-B1EACC76B8DB}.Release|iPhoneSimulator.ActiveCfg = Release|Any CPU
		{A4B9ADB4-2E1E-411D-B9CE-B1EACC76B8DB}.Release|iPhoneSimulator.Build.0 = Release|Any CPU
		{A4B9ADB4-2E1E-411D-B9CE-B1EACC76B8DB}.Release|x64.ActiveCfg = Release|Any CPU
		{A4B9ADB4-2E1E-411D-B9CE-B1EACC76B8DB}.Release|x64.Build.0 = Release|Any CPU
		{A4B9ADB4-2E1E-411D-B9CE-B1EACC76B8DB}.Release|x86.ActiveCfg = Release|Any CPU
		{A4B9ADB4-2E1E-411D-B9CE-B1EACC76B8DB}.Release|x86.Build.0 = Release|Any CPU
		{0AB90154-CA7B-4368-AE73-B36A464AE270}.Debug|Any CPU.ActiveCfg = Debug|Any CPU
		{0AB90154-CA7B-4368-AE73-B36A464AE270}.Debug|Any CPU.Build.0 = Debug|Any CPU
		{0AB90154-CA7B-4368-AE73-B36A464AE270}.Debug|Any CPU.Deploy.0 = Debug|Any CPU
		{0AB90154-CA7B-4368-AE73-B36A464AE270}.Debug|ARM.ActiveCfg = Debug|Any CPU
		{0AB90154-CA7B-4368-AE73-B36A464AE270}.Debug|ARM.Build.0 = Debug|Any CPU
		{0AB90154-CA7B-4368-AE73-B36A464AE270}.Debug|ARM.Deploy.0 = Debug|Any CPU
		{0AB90154-CA7B-4368-AE73-B36A464AE270}.Debug|iPhone.ActiveCfg = Debug|Any CPU
		{0AB90154-CA7B-4368-AE73-B36A464AE270}.Debug|iPhone.Build.0 = Debug|Any CPU
		{0AB90154-CA7B-4368-AE73-B36A464AE270}.Debug|iPhone.Deploy.0 = Debug|Any CPU
		{0AB90154-CA7B-4368-AE73-B36A464AE270}.Debug|iPhoneSimulator.ActiveCfg = Debug|Any CPU
		{0AB90154-CA7B-4368-AE73-B36A464AE270}.Debug|iPhoneSimulator.Build.0 = Debug|Any CPU
		{0AB90154-CA7B-4368-AE73-B36A464AE270}.Debug|iPhoneSimulator.Deploy.0 = Debug|Any CPU
		{0AB90154-CA7B-4368-AE73-B36A464AE270}.Debug|x64.ActiveCfg = Debug|Any CPU
		{0AB90154-CA7B-4368-AE73-B36A464AE270}.Debug|x64.Build.0 = Debug|Any CPU
		{0AB90154-CA7B-4368-AE73-B36A464AE270}.Debug|x64.Deploy.0 = Debug|Any CPU
		{0AB90154-CA7B-4368-AE73-B36A464AE270}.Debug|x86.ActiveCfg = Debug|Any CPU
		{0AB90154-CA7B-4368-AE73-B36A464AE270}.Debug|x86.Build.0 = Debug|Any CPU
		{0AB90154-CA7B-4368-AE73-B36A464AE270}.Debug|x86.Deploy.0 = Debug|Any CPU
		{0AB90154-CA7B-4368-AE73-B36A464AE270}.Release|Any CPU.ActiveCfg = Release|Any CPU
		{0AB90154-CA7B-4368-AE73-B36A464AE270}.Release|Any CPU.Build.0 = Release|Any CPU
		{0AB90154-CA7B-4368-AE73-B36A464AE270}.Release|Any CPU.Deploy.0 = Release|Any CPU
		{0AB90154-CA7B-4368-AE73-B36A464AE270}.Release|ARM.ActiveCfg = Release|Any CPU
		{0AB90154-CA7B-4368-AE73-B36A464AE270}.Release|ARM.Build.0 = Release|Any CPU
		{0AB90154-CA7B-4368-AE73-B36A464AE270}.Release|ARM.Deploy.0 = Release|Any CPU
		{0AB90154-CA7B-4368-AE73-B36A464AE270}.Release|iPhone.ActiveCfg = Release|Any CPU
		{0AB90154-CA7B-4368-AE73-B36A464AE270}.Release|iPhone.Build.0 = Release|Any CPU
		{0AB90154-CA7B-4368-AE73-B36A464AE270}.Release|iPhone.Deploy.0 = Release|Any CPU
		{0AB90154-CA7B-4368-AE73-B36A464AE270}.Release|iPhoneSimulator.ActiveCfg = Release|Any CPU
		{0AB90154-CA7B-4368-AE73-B36A464AE270}.Release|iPhoneSimulator.Build.0 = Release|Any CPU
		{0AB90154-CA7B-4368-AE73-B36A464AE270}.Release|iPhoneSimulator.Deploy.0 = Release|Any CPU
		{0AB90154-CA7B-4368-AE73-B36A464AE270}.Release|x64.ActiveCfg = Release|Any CPU
		{0AB90154-CA7B-4368-AE73-B36A464AE270}.Release|x64.Build.0 = Release|Any CPU
		{0AB90154-CA7B-4368-AE73-B36A464AE270}.Release|x64.Deploy.0 = Release|Any CPU
		{0AB90154-CA7B-4368-AE73-B36A464AE270}.Release|x86.ActiveCfg = Release|Any CPU
		{0AB90154-CA7B-4368-AE73-B36A464AE270}.Release|x86.Build.0 = Release|Any CPU
		{0AB90154-CA7B-4368-AE73-B36A464AE270}.Release|x86.Deploy.0 = Release|Any CPU
		{5298DF19-AED4-4359-A304-06E9B39F9C46}.Debug|Any CPU.ActiveCfg = Debug|iPhoneSimulator
		{5298DF19-AED4-4359-A304-06E9B39F9C46}.Debug|Any CPU.Build.0 = Debug|iPhoneSimulator
		{5298DF19-AED4-4359-A304-06E9B39F9C46}.Debug|ARM.ActiveCfg = Debug|iPhoneSimulator
		{5298DF19-AED4-4359-A304-06E9B39F9C46}.Debug|ARM.Build.0 = Debug|iPhoneSimulator
		{5298DF19-AED4-4359-A304-06E9B39F9C46}.Debug|iPhone.ActiveCfg = Debug|iPhone
		{5298DF19-AED4-4359-A304-06E9B39F9C46}.Debug|iPhone.Build.0 = Debug|iPhone
		{5298DF19-AED4-4359-A304-06E9B39F9C46}.Debug|iPhoneSimulator.ActiveCfg = Debug|iPhoneSimulator
		{5298DF19-AED4-4359-A304-06E9B39F9C46}.Debug|iPhoneSimulator.Build.0 = Debug|iPhoneSimulator
		{5298DF19-AED4-4359-A304-06E9B39F9C46}.Debug|x64.ActiveCfg = Debug|iPhoneSimulator
		{5298DF19-AED4-4359-A304-06E9B39F9C46}.Debug|x64.Build.0 = Debug|iPhoneSimulator
		{5298DF19-AED4-4359-A304-06E9B39F9C46}.Debug|x86.ActiveCfg = Debug|iPhoneSimulator
		{5298DF19-AED4-4359-A304-06E9B39F9C46}.Debug|x86.Build.0 = Debug|iPhoneSimulator
		{5298DF19-AED4-4359-A304-06E9B39F9C46}.Release|Any CPU.ActiveCfg = Release|iPhoneSimulator
		{5298DF19-AED4-4359-A304-06E9B39F9C46}.Release|Any CPU.Build.0 = Release|iPhoneSimulator
		{5298DF19-AED4-4359-A304-06E9B39F9C46}.Release|ARM.ActiveCfg = Release|iPhoneSimulator
		{5298DF19-AED4-4359-A304-06E9B39F9C46}.Release|ARM.Build.0 = Release|iPhoneSimulator
		{5298DF19-AED4-4359-A304-06E9B39F9C46}.Release|iPhone.ActiveCfg = Release|iPhone
		{5298DF19-AED4-4359-A304-06E9B39F9C46}.Release|iPhone.Build.0 = Release|iPhone
		{5298DF19-AED4-4359-A304-06E9B39F9C46}.Release|iPhoneSimulator.ActiveCfg = Release|iPhoneSimulator
		{5298DF19-AED4-4359-A304-06E9B39F9C46}.Release|iPhoneSimulator.Build.0 = Release|iPhoneSimulator
		{5298DF19-AED4-4359-A304-06E9B39F9C46}.Release|x64.ActiveCfg = Release|iPhoneSimulator
		{5298DF19-AED4-4359-A304-06E9B39F9C46}.Release|x64.Build.0 = Release|iPhoneSimulator
		{5298DF19-AED4-4359-A304-06E9B39F9C46}.Release|x86.ActiveCfg = Release|iPhoneSimulator
		{5298DF19-AED4-4359-A304-06E9B39F9C46}.Release|x86.Build.0 = Release|iPhoneSimulator
		{1354958C-15A8-42AC-BAF5-1B0BF0BE06F2}.Debug|Any CPU.ActiveCfg = Debug|x64
		{1354958C-15A8-42AC-BAF5-1B0BF0BE06F2}.Debug|Any CPU.Build.0 = Debug|x64
		{1354958C-15A8-42AC-BAF5-1B0BF0BE06F2}.Debug|Any CPU.Deploy.0 = Debug|x64
		{1354958C-15A8-42AC-BAF5-1B0BF0BE06F2}.Debug|ARM.ActiveCfg = Debug|ARM
		{1354958C-15A8-42AC-BAF5-1B0BF0BE06F2}.Debug|ARM.Build.0 = Debug|ARM
		{1354958C-15A8-42AC-BAF5-1B0BF0BE06F2}.Debug|ARM.Deploy.0 = Debug|ARM
		{1354958C-15A8-42AC-BAF5-1B0BF0BE06F2}.Debug|iPhone.ActiveCfg = Debug|x64
		{1354958C-15A8-42AC-BAF5-1B0BF0BE06F2}.Debug|iPhone.Build.0 = Debug|x64
		{1354958C-15A8-42AC-BAF5-1B0BF0BE06F2}.Debug|iPhone.Deploy.0 = Debug|x64
		{1354958C-15A8-42AC-BAF5-1B0BF0BE06F2}.Debug|iPhoneSimulator.ActiveCfg = Debug|x64
		{1354958C-15A8-42AC-BAF5-1B0BF0BE06F2}.Debug|iPhoneSimulator.Build.0 = Debug|x64
		{1354958C-15A8-42AC-BAF5-1B0BF0BE06F2}.Debug|iPhoneSimulator.Deploy.0 = Debug|x64
		{1354958C-15A8-42AC-BAF5-1B0BF0BE06F2}.Debug|x64.ActiveCfg = Debug|x64
		{1354958C-15A8-42AC-BAF5-1B0BF0BE06F2}.Debug|x64.Build.0 = Debug|x64
		{1354958C-15A8-42AC-BAF5-1B0BF0BE06F2}.Debug|x64.Deploy.0 = Debug|x64
		{1354958C-15A8-42AC-BAF5-1B0BF0BE06F2}.Debug|x86.ActiveCfg = Debug|x86
		{1354958C-15A8-42AC-BAF5-1B0BF0BE06F2}.Debug|x86.Build.0 = Debug|x86
		{1354958C-15A8-42AC-BAF5-1B0BF0BE06F2}.Debug|x86.Deploy.0 = Debug|x86
		{1354958C-15A8-42AC-BAF5-1B0BF0BE06F2}.Release|Any CPU.ActiveCfg = Release|x64
		{1354958C-15A8-42AC-BAF5-1B0BF0BE06F2}.Release|Any CPU.Build.0 = Release|x64
		{1354958C-15A8-42AC-BAF5-1B0BF0BE06F2}.Release|Any CPU.Deploy.0 = Release|x64
		{1354958C-15A8-42AC-BAF5-1B0BF0BE06F2}.Release|ARM.ActiveCfg = Release|ARM
		{1354958C-15A8-42AC-BAF5-1B0BF0BE06F2}.Release|ARM.Build.0 = Release|ARM
		{1354958C-15A8-42AC-BAF5-1B0BF0BE06F2}.Release|ARM.Deploy.0 = Release|ARM
		{1354958C-15A8-42AC-BAF5-1B0BF0BE06F2}.Release|iPhone.ActiveCfg = Release|x64
		{1354958C-15A8-42AC-BAF5-1B0BF0BE06F2}.Release|iPhone.Build.0 = Release|x64
		{1354958C-15A8-42AC-BAF5-1B0BF0BE06F2}.Release|iPhone.Deploy.0 = Release|x64
		{1354958C-15A8-42AC-BAF5-1B0BF0BE06F2}.Release|iPhoneSimulator.ActiveCfg = Release|x64
		{1354958C-15A8-42AC-BAF5-1B0BF0BE06F2}.Release|iPhoneSimulator.Build.0 = Release|x64
		{1354958C-15A8-42AC-BAF5-1B0BF0BE06F2}.Release|iPhoneSimulator.Deploy.0 = Release|x64
		{1354958C-15A8-42AC-BAF5-1B0BF0BE06F2}.Release|x64.ActiveCfg = Release|x64
		{1354958C-15A8-42AC-BAF5-1B0BF0BE06F2}.Release|x64.Build.0 = Release|x64
		{1354958C-15A8-42AC-BAF5-1B0BF0BE06F2}.Release|x64.Deploy.0 = Release|x64
		{1354958C-15A8-42AC-BAF5-1B0BF0BE06F2}.Release|x86.ActiveCfg = Release|x86
		{1354958C-15A8-42AC-BAF5-1B0BF0BE06F2}.Release|x86.Build.0 = Release|x86
		{1354958C-15A8-42AC-BAF5-1B0BF0BE06F2}.Release|x86.Deploy.0 = Release|x86
	EndGlobalSection
	GlobalSection(SolutionProperties) = preSolution
		HideSolutionNode = FALSE
	EndGlobalSection
	GlobalSection(ExtensibilityGlobals) = postSolution
		SolutionGuid = {5CC56B01-0AC5-4965-9025-FD3BA17A010C}
	EndGlobalSection
EndGlobal
