
Microsoft Visual Studio Solution File, Format Version 12.00
# Visual Studio Version 17
VisualStudioVersion = 17.8.34212.112
MinimumVisualStudioVersion = 10.0.40219.1
Project("{9A19103F-16F7-4668-BE54-9A1E7A4F7556}") = "WikiExtractor.XamarinForms", "..\WikiExtractor.XamarinForms\WikiExtractor.XamarinForms.csproj", "{511D7D9C-0781-47AC-9776-41EF500FFFBA}"
EndProject
Project("{FAE04EC0-301F-11D3-BF4B-00C04F79EFBC}") = "CountriesOfWorld.Android", "..\WikiExtractor.XamarinForms.App\Countries\CountriesOfWorld.Android\CountriesOfWorld.Android.csproj", "{FD358CA4-F927-40F6-8647-D3DCA1B4FFE1}"
EndProject
Project("{FAE04EC0-301F-11D3-BF4B-00C04F79EFBC}") = "CountriesOfWorld.iOS", "..\WikiExtractor.XamarinForms.App\Countries\CountriesOfWorld.iOS\CountriesOfWorld.iOS.csproj", "{45340E48-269C-4E47-B284-3BD428B39976}"
EndProject
Project("{FAE04EC0-301F-11D3-BF4B-00C04F79EFBC}") = "CountriesOfWorld.UWP", "..\WikiExtractor.XamarinForms.App\Countries\CountriesOfWorld.UWP\CountriesOfWorld.UWP.csproj", "{90606BA5-D955-4C40-9E21-6DCD1E9B7B24}"
EndProject
Global
	GlobalSection(SolutionConfigurationPlatforms) = preSolution
		Debug|Any CPU = Debug|Any CPU
		Debug|ARM = Debug|ARM
		Debug|iPhone = Debug|iPhone
		Debug|iPhoneSimulator = Debug|iPhoneSimulator
		Debug|x64 = Debug|x64
		Debug|x86 = Debug|x86
		Release|Any CPU = Release|Any CPU
		Release|ARM = Release|ARM
		Release|iPhone = Release|iPhone
		Release|iPhoneSimulator = Release|iPhoneSimulator
		Release|x64 = Release|x64
		Release|x86 = Release|x86
	EndGlobalSection
	GlobalSection(ProjectConfigurationPlatforms) = postSolution
		{511D7D9C-0781-47AC-9776-41EF500FFFBA}.Debug|Any CPU.ActiveCfg = Debug|Any CPU
		{511D7D9C-0781-47AC-9776-41EF500FFFBA}.Debug|Any CPU.Build.0 = Debug|Any CPU
		{511D7D9C-0781-47AC-9776-41EF500FFFBA}.Debug|ARM.ActiveCfg = Debug|Any CPU
		{511D7D9C-0781-47AC-9776-41EF500FFFBA}.Debug|ARM.Build.0 = Debug|Any CPU
		{511D7D9C-0781-47AC-9776-41EF500FFFBA}.Debug|iPhone.ActiveCfg = Debug|Any CPU
		{511D7D9C-0781-47AC-9776-41EF500FFFBA}.Debug|iPhone.Build.0 = Debug|Any CPU
		{511D7D9C-0781-47AC-9776-41EF500FFFBA}.Debug|iPhoneSimulator.ActiveCfg = Debug|Any CPU
		{511D7D9C-0781-47AC-9776-41EF500FFFBA}.Debug|iPhoneSimulator.Build.0 = Debug|Any CPU
		{511D7D9C-0781-47AC-9776-41EF500FFFBA}.Debug|x64.ActiveCfg = Debug|Any CPU
		{511D7D9C-0781-47AC-9776-41EF500FFFBA}.Debug|x64.Build.0 = Debug|Any CPU
		{511D7D9C-0781-47AC-9776-41EF500FFFBA}.Debug|x86.ActiveCfg = Debug|Any CPU
		{511D7D9C-0781-47AC-9776-41EF500FFFBA}.Debug|x86.Build.0 = Debug|Any CPU
		{511D7D9C-0781-47AC-9776-41EF500FFFBA}.Release|Any CPU.ActiveCfg = Release|Any CPU
		{511D7D9C-0781-47AC-9776-41EF500FFFBA}.Release|Any CPU.Build.0 = Release|Any CPU
		{511D7D9C-0781-47AC-9776-41EF500FFFBA}.Release|ARM.ActiveCfg = Release|Any CPU
		{511D7D9C-0781-47AC-9776-41EF500FFFBA}.Release|ARM.Build.0 = Release|Any CPU
		{511D7D9C-0781-47AC-9776-41EF500FFFBA}.Release|iPhone.ActiveCfg = Release|Any CPU
		{511D7D9C-0781-47AC-9776-41EF500FFFBA}.Release|iPhone.Build.0 = Release|Any CPU
		{511D7D9C-0781-47AC-9776-41EF500FFFBA}.Release|iPhoneSimulator.ActiveCfg = Release|Any CPU
		{511D7D9C-0781-47AC-9776-41EF500FFFBA}.Release|iPhoneSimulator.Build.0 = Release|Any CPU
		{511D7D9C-0781-47AC-9776-41EF500FFFBA}.Release|x64.ActiveCfg = Release|Any CPU
		{511D7D9C-0781-47AC-9776-41EF500FFFBA}.Release|x64.Build.0 = Release|Any CPU
		{511D7D9C-0781-47AC-9776-41EF500FFFBA}.Release|x86.ActiveCfg = Release|Any CPU
		{511D7D9C-0781-47AC-9776-41EF500FFFBA}.Release|x86.Build.0 = Release|Any CPU
		{FD358CA4-F927-40F6-8647-D3DCA1B4FFE1}.Debug|Any CPU.ActiveCfg = Debug|Any CPU
		{FD358CA4-F927-40F6-8647-D3DCA1B4FFE1}.Debug|Any CPU.Build.0 = Debug|Any CPU
		{FD358CA4-F927-40F6-8647-D3DCA1B4FFE1}.Debug|Any CPU.Deploy.0 = Debug|Any CPU
		{FD358CA4-F927-40F6-8647-D3DCA1B4FFE1}.Debug|ARM.ActiveCfg = Debug|Any CPU
		{FD358CA4-F927-40F6-8647-D3DCA1B4FFE1}.Debug|ARM.Build.0 = Debug|Any CPU
		{FD358CA4-F927-40F6-8647-D3DCA1B4FFE1}.Debug|ARM.Deploy.0 = Debug|Any CPU
		{FD358CA4-F927-40F6-8647-D3DCA1B4FFE1}.Debug|iPhone.ActiveCfg = Debug|Any CPU
		{FD358CA4-F927-40F6-8647-D3DCA1B4FFE1}.Debug|iPhone.Build.0 = Debug|Any CPU
		{FD358CA4-F927-40F6-8647-D3DCA1B4FFE1}.Debug|iPhone.Deploy.0 = Debug|Any CPU
		{FD358CA4-F927-40F6-8647-D3DCA1B4FFE1}.Debug|iPhoneSimulator.ActiveCfg = Debug|Any CPU
		{FD358CA4-F927-40F6-8647-D3DCA1B4FFE1}.Debug|iPhoneSimulator.Build.0 = Debug|Any CPU
		{FD358CA4-F927-40F6-8647-D3DCA1B4FFE1}.Debug|iPhoneSimulator.Deploy.0 = Debug|Any CPU
		{FD358CA4-F927-40F6-8647-D3DCA1B4FFE1}.Debug|x64.ActiveCfg = Debug|Any CPU
		{FD358CA4-F927-40F6-8647-D3DCA1B4FFE1}.Debug|x64.Build.0 = Debug|Any CPU
		{FD358CA4-F927-40F6-8647-D3DCA1B4FFE1}.Debug|x64.Deploy.0 = Debug|Any CPU
		{FD358CA4-F927-40F6-8647-D3DCA1B4FFE1}.Debug|x86.ActiveCfg = Debug|Any CPU
		{FD358CA4-F927-40F6-8647-D3DCA1B4FFE1}.Debug|x86.Build.0 = Debug|Any CPU
		{FD358CA4-F927-40F6-8647-D3DCA1B4FFE1}.Debug|x86.Deploy.0 = Debug|Any CPU
		{FD358CA4-F927-40F6-8647-D3DCA1B4FFE1}.Release|Any CPU.ActiveCfg = Release|Any CPU
		{FD358CA4-F927-40F6-8647-D3DCA1B4FFE1}.Release|Any CPU.Build.0 = Release|Any CPU
		{FD358CA4-F927-40F6-8647-D3DCA1B4FFE1}.Release|Any CPU.Deploy.0 = Release|Any CPU
		{FD358CA4-F927-40F6-8647-D3DCA1B4FFE1}.Release|ARM.ActiveCfg = Release|Any CPU
		{FD358CA4-F927-40F6-8647-D3DCA1B4FFE1}.Release|ARM.Build.0 = Release|Any CPU
		{FD358CA4-F927-40F6-8647-D3DCA1B4FFE1}.Release|ARM.Deploy.0 = Release|Any CPU
		{FD358CA4-F927-40F6-8647-D3DCA1B4FFE1}.Release|iPhone.ActiveCfg = Release|Any CPU
		{FD358CA4-F927-40F6-8647-D3DCA1B4FFE1}.Release|iPhone.Build.0 = Release|Any CPU
		{FD358CA4-F927-40F6-8647-D3DCA1B4FFE1}.Release|iPhone.Deploy.0 = Release|Any CPU
		{FD358CA4-F927-40F6-8647-D3DCA1B4FFE1}.Release|iPhoneSimulator.ActiveCfg = Release|Any CPU
		{FD358CA4-F927-40F6-8647-D3DCA1B4FFE1}.Release|iPhoneSimulator.Build.0 = Release|Any CPU
		{FD358CA4-F927-40F6-8647-D3DCA1B4FFE1}.Release|iPhoneSimulator.Deploy.0 = Release|Any CPU
		{FD358CA4-F927-40F6-8647-D3DCA1B4FFE1}.Release|x64.ActiveCfg = Release|Any CPU
		{FD358CA4-F927-40F6-8647-D3DCA1B4FFE1}.Release|x64.Build.0 = Release|Any CPU
		{FD358CA4-F927-40F6-8647-D3DCA1B4FFE1}.Release|x64.Deploy.0 = Release|Any CPU
		{FD358CA4-F927-40F6-8647-D3DCA1B4FFE1}.Release|x86.ActiveCfg = Release|Any CPU
		{FD358CA4-F927-40F6-8647-D3DCA1B4FFE1}.Release|x86.Build.0 = Release|Any CPU
		{FD358CA4-F927-40F6-8647-D3DCA1B4FFE1}.Release|x86.Deploy.0 = Release|Any CPU
		{45340E48-269C-4E47-B284-3BD428B39976}.Debug|Any CPU.ActiveCfg = Debug|iPhoneSimulator
		{45340E48-269C-4E47-B284-3BD428B39976}.Debug|Any CPU.Build.0 = Debug|iPhoneSimulator
		{45340E48-269C-4E47-B284-3BD428B39976}.Debug|ARM.ActiveCfg = Debug|iPhoneSimulator
		{45340E48-269C-4E47-B284-3BD428B39976}.Debug|ARM.Build.0 = Debug|iPhoneSimulator
		{45340E48-269C-4E47-B284-3BD428B39976}.Debug|iPhone.ActiveCfg = Debug|iPhone
		{45340E48-269C-4E47-B284-3BD428B39976}.Debug|iPhone.Build.0 = Debug|iPhone
		{45340E48-269C-4E47-B284-3BD428B39976}.Debug|iPhoneSimulator.ActiveCfg = Debug|iPhoneSimulator
		{45340E48-269C-4E47-B284-3BD428B39976}.Debug|iPhoneSimulator.Build.0 = Debug|iPhoneSimulator
		{45340E48-269C-4E47-B284-3BD428B39976}.Debug|x64.ActiveCfg = Debug|iPhoneSimulator
		{45340E48-269C-4E47-B284-3BD428B39976}.Debug|x64.Build.0 = Debug|iPhoneSimulator
		{45340E48-269C-4E47-B284-3BD428B39976}.Debug|x86.ActiveCfg = Debug|iPhoneSimulator
		{45340E48-269C-4E47-B284-3BD428B39976}.Debug|x86.Build.0 = Debug|iPhoneSimulator
		{45340E48-269C-4E47-B284-3BD428B39976}.Release|Any CPU.ActiveCfg = Release|iPhoneSimulator
		{45340E48-269C-4E47-B284-3BD428B39976}.Release|Any CPU.Build.0 = Release|iPhoneSimulator
		{45340E48-269C-4E47-B284-3BD428B39976}.Release|ARM.ActiveCfg = Release|iPhoneSimulator
		{45340E48-269C-4E47-B284-3BD428B39976}.Release|ARM.Build.0 = Release|iPhoneSimulator
		{45340E48-269C-4E47-B284-3BD428B39976}.Release|iPhone.ActiveCfg = Release|iPhone
		{45340E48-269C-4E47-B284-3BD428B39976}.Release|iPhone.Build.0 = Release|iPhone
		{45340E48-269C-4E47-B284-3BD428B39976}.Release|iPhoneSimulator.ActiveCfg = Release|iPhoneSimulator
		{45340E48-269C-4E47-B284-3BD428B39976}.Release|iPhoneSimulator.Build.0 = Release|iPhoneSimulator
		{45340E48-269C-4E47-B284-3BD428B39976}.Release|x64.ActiveCfg = Release|iPhoneSimulator
		{45340E48-269C-4E47-B284-3BD428B39976}.Release|x64.Build.0 = Release|iPhoneSimulator
		{45340E48-269C-4E47-B284-3BD428B39976}.Release|x86.ActiveCfg = Release|iPhoneSimulator
		{45340E48-269C-4E47-B284-3BD428B39976}.Release|x86.Build.0 = Release|iPhoneSimulator
		{90606BA5-D955-4C40-9E21-6DCD1E9B7B24}.Debug|Any CPU.ActiveCfg = Debug|x64
		{90606BA5-D955-4C40-9E21-6DCD1E9B7B24}.Debug|Any CPU.Build.0 = Debug|x64
		{90606BA5-D955-4C40-9E21-6DCD1E9B7B24}.Debug|Any CPU.Deploy.0 = Debug|x64
		{90606BA5-D955-4C40-9E21-6DCD1E9B7B24}.Debug|ARM.ActiveCfg = Debug|ARM
		{90606BA5-D955-4C40-9E21-6DCD1E9B7B24}.Debug|ARM.Build.0 = Debug|ARM
		{90606BA5-D955-4C40-9E21-6DCD1E9B7B24}.Debug|ARM.Deploy.0 = Debug|ARM
		{90606BA5-D955-4C40-9E21-6DCD1E9B7B24}.Debug|iPhone.ActiveCfg = Debug|x64
		{90606BA5-D955-4C40-9E21-6DCD1E9B7B24}.Debug|iPhone.Build.0 = Debug|x64
		{90606BA5-D955-4C40-9E21-6DCD1E9B7B24}.Debug|iPhone.Deploy.0 = Debug|x64
		{90606BA5-D955-4C40-9E21-6DCD1E9B7B24}.Debug|iPhoneSimulator.ActiveCfg = Debug|x64
		{90606BA5-D955-4C40-9E21-6DCD1E9B7B24}.Debug|iPhoneSimulator.Build.0 = Debug|x64
		{90606BA5-D955-4C40-9E21-6DCD1E9B7B24}.Debug|iPhoneSimulator.Deploy.0 = Debug|x64
		{90606BA5-D955-4C40-9E21-6DCD1E9B7B24}.Debug|x64.ActiveCfg = Debug|x64
		{90606BA5-D955-4C40-9E21-6DCD1E9B7B24}.Debug|x64.Build.0 = Debug|x64
		{90606BA5-D955-4C40-9E21-6DCD1E9B7B24}.Debug|x64.Deploy.0 = Debug|x64
		{90606BA5-D955-4C40-9E21-6DCD1E9B7B24}.Debug|x86.ActiveCfg = Debug|x86
		{90606BA5-D955-4C40-9E21-6DCD1E9B7B24}.Debug|x86.Build.0 = Debug|x86
		{90606BA5-D955-4C40-9E21-6DCD1E9B7B24}.Debug|x86.Deploy.0 = Debug|x86
		{90606BA5-D955-4C40-9E21-6DCD1E9B7B24}.Release|Any CPU.ActiveCfg = Release|x64
		{90606BA5-D955-4C40-9E21-6DCD1E9B7B24}.Release|Any CPU.Build.0 = Release|x64
		{90606BA5-D955-4C40-9E21-6DCD1E9B7B24}.Release|Any CPU.Deploy.0 = Release|x64
		{90606BA5-D955-4C40-9E21-6DCD1E9B7B24}.Release|ARM.ActiveCfg = Release|ARM
		{90606BA5-D955-4C40-9E21-6DCD1E9B7B24}.Release|ARM.Build.0 = Release|ARM
		{90606BA5-D955-4C40-9E21-6DCD1E9B7B24}.Release|ARM.Deploy.0 = Release|ARM
		{90606BA5-D955-4C40-9E21-6DCD1E9B7B24}.Release|iPhone.ActiveCfg = Release|x64
		{90606BA5-D955-4C40-9E21-6DCD1E9B7B24}.Release|iPhone.Build.0 = Release|x64
		{90606BA5-D955-4C40-9E21-6DCD1E9B7B24}.Release|iPhone.Deploy.0 = Release|x64
		{90606BA5-D955-4C40-9E21-6DCD1E9B7B24}.Release|iPhoneSimulator.ActiveCfg = Release|x64
		{90606BA5-D955-4C40-9E21-6DCD1E9B7B24}.Release|iPhoneSimulator.Build.0 = Release|x64
		{90606BA5-D955-4C40-9E21-6DCD1E9B7B24}.Release|iPhoneSimulator.Deploy.0 = Release|x64
		{90606BA5-D955-4C40-9E21-6DCD1E9B7B24}.Release|x64.ActiveCfg = Release|x64
		{90606BA5-D955-4C40-9E21-6DCD1E9B7B24}.Release|x64.Build.0 = Release|x64
		{90606BA5-D955-4C40-9E21-6DCD1E9B7B24}.Release|x64.Deploy.0 = Release|x64
		{90606BA5-D955-4C40-9E21-6DCD1E9B7B24}.Release|x86.ActiveCfg = Release|x86
		{90606BA5-D955-4C40-9E21-6DCD1E9B7B24}.Release|x86.Build.0 = Release|x86
		{90606BA5-D955-4C40-9E21-6DCD1E9B7B24}.Release|x86.Deploy.0 = Release|x86
	EndGlobalSection
	GlobalSection(SolutionProperties) = preSolution
		HideSolutionNode = FALSE
	EndGlobalSection
	GlobalSection(ExtensibilityGlobals) = postSolution
		SolutionGuid = {5CC56B01-0AC5-4965-9025-FD3BA17A010C}
	EndGlobalSection
EndGlobal
