
Microsoft Visual Studio Solution File, Format Version 12.00
# Visual Studio Version 17
VisualStudioVersion = 17.8.34212.112
MinimumVisualStudioVersion = 10.0.40219.1
Project("{9A19103F-16F7-4668-BE54-9A1E7A4F7556}") = "GeneralInformation", "..\App\GeneralInformation\GeneralInformation.csproj", "{7F207023-3FFF-47EE-A887-B1059BC5D7CD}"
EndProject
Project("{FAE04EC0-301F-11D3-BF4B-00C04F79EFBC}") = "CountriesOfWorld.Android", "..\App\Countries\CountriesOfWorld.Android\CountriesOfWorld.Android.csproj", "{FD358CA4-F927-40F6-8647-D3DCA1B4FFE1}"
EndProject
Project("{FAE04EC0-301F-11D3-BF4B-00C04F79EFBC}") = "ChristianCatholicSaints.Android", "..\App\ChristianCatholicSaints\ChristianCatholicSaints.Android\ChristianCatholicSaints.Android.csproj", "{0AB90154-CA7B-4368-AE73-B36A464AE270}"
EndProject
Project("{FAE04EC0-301F-11D3-BF4B-00C04F79EFBC}") = "PopesOfChurch.Android", "..\App\Popes\PopesOfChurch.Android\PopesOfChurch.Android.csproj", "{DD3C65BA-4093-4228-8D79-72A2F879F8D3}"
EndProject
Global
	GlobalSection(SolutionConfigurationPlatforms) = preSolution
		Debug|Any CPU = Debug|Any CPU
		Debug|ARM = Debug|ARM
		Debug|iPhone = Debug|iPhone
		Debug|iPhoneSimulator = Debug|iPhoneSimulator
		Debug|x64 = Debug|x64
		Debug|x86 = Debug|x86
		Release|Any CPU = Release|Any CPU
		Release|ARM = Release|ARM
		Release|iPhone = Release|iPhone
		Release|iPhoneSimulator = Release|iPhoneSimulator
		Release|x64 = Release|x64
		Release|x86 = Release|x86
	EndGlobalSection
	GlobalSection(ProjectConfigurationPlatforms) = postSolution
		{7F207023-3FFF-47EE-A887-B1059BC5D7CD}.Debug|Any CPU.ActiveCfg = Debug|Any CPU
		{7F207023-3FFF-47EE-A887-B1059BC5D7CD}.Debug|Any CPU.Build.0 = Debug|Any CPU
		{7F207023-3FFF-47EE-A887-B1059BC5D7CD}.Debug|ARM.ActiveCfg = Debug|Any CPU
		{7F207023-3FFF-47EE-A887-B1059BC5D7CD}.Debug|ARM.Build.0 = Debug|Any CPU
		{7F207023-3FFF-47EE-A887-B1059BC5D7CD}.Debug|iPhone.ActiveCfg = Debug|Any CPU
		{7F207023-3FFF-47EE-A887-B1059BC5D7CD}.Debug|iPhone.Build.0 = Debug|Any CPU
		{7F207023-3FFF-47EE-A887-B1059BC5D7CD}.Debug|iPhoneSimulator.ActiveCfg = Debug|Any CPU
		{7F207023-3FFF-47EE-A887-B1059BC5D7CD}.Debug|iPhoneSimulator.Build.0 = Debug|Any CPU
		{7F207023-3FFF-47EE-A887-B1059BC5D7CD}.Debug|x64.ActiveCfg = Debug|Any CPU
		{7F207023-3FFF-47EE-A887-B1059BC5D7CD}.Debug|x64.Build.0 = Debug|Any CPU
		{7F207023-3FFF-47EE-A887-B1059BC5D7CD}.Debug|x86.ActiveCfg = Debug|Any CPU
		{7F207023-3FFF-47EE-A887-B1059BC5D7CD}.Debug|x86.Build.0 = Debug|Any CPU
		{7F207023-3FFF-47EE-A887-B1059BC5D7CD}.Release|Any CPU.ActiveCfg = Release|Any CPU
		{7F207023-3FFF-47EE-A887-B1059BC5D7CD}.Release|Any CPU.Build.0 = Release|Any CPU
		{7F207023-3FFF-47EE-A887-B1059BC5D7CD}.Release|ARM.ActiveCfg = Release|Any CPU
		{7F207023-3FFF-47EE-A887-B1059BC5D7CD}.Release|ARM.Build.0 = Release|Any CPU
		{7F207023-3FFF-47EE-A887-B1059BC5D7CD}.Release|iPhone.ActiveCfg = Release|Any CPU
		{7F207023-3FFF-47EE-A887-B1059BC5D7CD}.Release|iPhone.Build.0 = Release|Any CPU
		{7F207023-3FFF-47EE-A887-B1059BC5D7CD}.Release|iPhoneSimulator.ActiveCfg = Release|Any CPU
		{7F207023-3FFF-47EE-A887-B1059BC5D7CD}.Release|iPhoneSimulator.Build.0 = Release|Any CPU
		{7F207023-3FFF-47EE-A887-B1059BC5D7CD}.Release|x64.ActiveCfg = Release|Any CPU
		{7F207023-3FFF-47EE-A887-B1059BC5D7CD}.Release|x64.Build.0 = Release|Any CPU
		{7F207023-3FFF-47EE-A887-B1059BC5D7CD}.Release|x86.ActiveCfg = Release|Any CPU
		{7F207023-3FFF-47EE-A887-B1059BC5D7CD}.Release|x86.Build.0 = Release|Any CPU
		{FD358CA4-F927-40F6-8647-D3DCA1B4FFE1}.Debug|Any CPU.ActiveCfg = Debug|Any CPU
		{FD358CA4-F927-40F6-8647-D3DCA1B4FFE1}.Debug|Any CPU.Build.0 = Debug|Any CPU
		{FD358CA4-F927-40F6-8647-D3DCA1B4FFE1}.Debug|Any CPU.Deploy.0 = Debug|Any CPU
		{FD358CA4-F927-40F6-8647-D3DCA1B4FFE1}.Debug|ARM.ActiveCfg = Debug|Any CPU
		{FD358CA4-F927-40F6-8647-D3DCA1B4FFE1}.Debug|ARM.Build.0 = Debug|Any CPU
		{FD358CA4-F927-40F6-8647-D3DCA1B4FFE1}.Debug|ARM.Deploy.0 = Debug|Any CPU
		{FD358CA4-F927-40F6-8647-D3DCA1B4FFE1}.Debug|iPhone.ActiveCfg = Debug|Any CPU
		{FD358CA4-F927-40F6-8647-D3DCA1B4FFE1}.Debug|iPhone.Build.0 = Debug|Any CPU
		{FD358CA4-F927-40F6-8647-D3DCA1B4FFE1}.Debug|iPhone.Deploy.0 = Debug|Any CPU
		{FD358CA4-F927-40F6-8647-D3DCA1B4FFE1}.Debug|iPhoneSimulator.ActiveCfg = Debug|Any CPU
		{FD358CA4-F927-40F6-8647-D3DCA1B4FFE1}.Debug|iPhoneSimulator.Build.0 = Debug|Any CPU
		{FD358CA4-F927-40F6-8647-D3DCA1B4FFE1}.Debug|iPhoneSimulator.Deploy.0 = Debug|Any CPU
		{FD358CA4-F927-40F6-8647-D3DCA1B4FFE1}.Debug|x64.ActiveCfg = Debug|Any CPU
		{FD358CA4-F927-40F6-8647-D3DCA1B4FFE1}.Debug|x64.Build.0 = Debug|Any CPU
		{FD358CA4-F927-40F6-8647-D3DCA1B4FFE1}.Debug|x64.Deploy.0 = Debug|Any CPU
		{FD358CA4-F927-40F6-8647-D3DCA1B4FFE1}.Debug|x86.ActiveCfg = Debug|Any CPU
		{FD358CA4-F927-40F6-8647-D3DCA1B4FFE1}.Debug|x86.Build.0 = Debug|Any CPU
		{FD358CA4-F927-40F6-8647-D3DCA1B4FFE1}.Debug|x86.Deploy.0 = Debug|Any CPU
		{FD358CA4-F927-40F6-8647-D3DCA1B4FFE1}.Release|Any CPU.ActiveCfg = Release|Any CPU
		{FD358CA4-F927-40F6-8647-D3DCA1B4FFE1}.Release|Any CPU.Build.0 = Release|Any CPU
		{FD358CA4-F927-40F6-8647-D3DCA1B4FFE1}.Release|Any CPU.Deploy.0 = Release|Any CPU
		{FD358CA4-F927-40F6-8647-D3DCA1B4FFE1}.Release|ARM.ActiveCfg = Release|Any CPU
		{FD358CA4-F927-40F6-8647-D3DCA1B4FFE1}.Release|ARM.Build.0 = Release|Any CPU
		{FD358CA4-F927-40F6-8647-D3DCA1B4FFE1}.Release|ARM.Deploy.0 = Release|Any CPU
		{FD358CA4-F927-40F6-8647-D3DCA1B4FFE1}.Release|iPhone.ActiveCfg = Release|Any CPU
		{FD358CA4-F927-40F6-8647-D3DCA1B4FFE1}.Release|iPhone.Build.0 = Release|Any CPU
		{FD358CA4-F927-40F6-8647-D3DCA1B4FFE1}.Release|iPhone.Deploy.0 = Release|Any CPU
		{FD358CA4-F927-40F6-8647-D3DCA1B4FFE1}.Release|iPhoneSimulator.ActiveCfg = Release|Any CPU
		{FD358CA4-F927-40F6-8647-D3DCA1B4FFE1}.Release|iPhoneSimulator.Build.0 = Release|Any CPU
		{FD358CA4-F927-40F6-8647-D3DCA1B4FFE1}.Release|iPhoneSimulator.Deploy.0 = Release|Any CPU
		{FD358CA4-F927-40F6-8647-D3DCA1B4FFE1}.Release|x64.ActiveCfg = Release|Any CPU
		{FD358CA4-F927-40F6-8647-D3DCA1B4FFE1}.Release|x64.Build.0 = Release|Any CPU
		{FD358CA4-F927-40F6-8647-D3DCA1B4FFE1}.Release|x64.Deploy.0 = Release|Any CPU
		{FD358CA4-F927-40F6-8647-D3DCA1B4FFE1}.Release|x86.ActiveCfg = Release|Any CPU
		{FD358CA4-F927-40F6-8647-D3DCA1B4FFE1}.Release|x86.Build.0 = Release|Any CPU
		{FD358CA4-F927-40F6-8647-D3DCA1B4FFE1}.Release|x86.Deploy.0 = Release|Any CPU
		{0AB90154-CA7B-4368-AE73-B36A464AE270}.Debug|Any CPU.ActiveCfg = Debug|Any CPU
		{0AB90154-CA7B-4368-AE73-B36A464AE270}.Debug|Any CPU.Build.0 = Debug|Any CPU
		{0AB90154-CA7B-4368-AE73-B36A464AE270}.Debug|Any CPU.Deploy.0 = Debug|Any CPU
		{0AB90154-CA7B-4368-AE73-B36A464AE270}.Debug|ARM.ActiveCfg = Debug|Any CPU
		{0AB90154-CA7B-4368-AE73-B36A464AE270}.Debug|ARM.Build.0 = Debug|Any CPU
		{0AB90154-CA7B-4368-AE73-B36A464AE270}.Debug|ARM.Deploy.0 = Debug|Any CPU
		{0AB90154-CA7B-4368-AE73-B36A464AE270}.Debug|iPhone.ActiveCfg = Debug|Any CPU
		{0AB90154-CA7B-4368-AE73-B36A464AE270}.Debug|iPhone.Build.0 = Debug|Any CPU
		{0AB90154-CA7B-4368-AE73-B36A464AE270}.Debug|iPhone.Deploy.0 = Debug|Any CPU
		{0AB90154-CA7B-4368-AE73-B36A464AE270}.Debug|iPhoneSimulator.ActiveCfg = Debug|Any CPU
		{0AB90154-CA7B-4368-AE73-B36A464AE270}.Debug|iPhoneSimulator.Build.0 = Debug|Any CPU
		{0AB90154-CA7B-4368-AE73-B36A464AE270}.Debug|iPhoneSimulator.Deploy.0 = Debug|Any CPU
		{0AB90154-CA7B-4368-AE73-B36A464AE270}.Debug|x64.ActiveCfg = Debug|Any CPU
		{0AB90154-CA7B-4368-AE73-B36A464AE270}.Debug|x64.Build.0 = Debug|Any CPU
		{0AB90154-CA7B-4368-AE73-B36A464AE270}.Debug|x64.Deploy.0 = Debug|Any CPU
		{0AB90154-CA7B-4368-AE73-B36A464AE270}.Debug|x86.ActiveCfg = Debug|Any CPU
		{0AB90154-CA7B-4368-AE73-B36A464AE270}.Debug|x86.Build.0 = Debug|Any CPU
		{0AB90154-CA7B-4368-AE73-B36A464AE270}.Debug|x86.Deploy.0 = Debug|Any CPU
		{0AB90154-CA7B-4368-AE73-B36A464AE270}.Release|Any CPU.ActiveCfg = Release|Any CPU
		{0AB90154-CA7B-4368-AE73-B36A464AE270}.Release|Any CPU.Build.0 = Release|Any CPU
		{0AB90154-CA7B-4368-AE73-B36A464AE270}.Release|Any CPU.Deploy.0 = Release|Any CPU
		{0AB90154-CA7B-4368-AE73-B36A464AE270}.Release|ARM.ActiveCfg = Release|Any CPU
		{0AB90154-CA7B-4368-AE73-B36A464AE270}.Release|ARM.Build.0 = Release|Any CPU
		{0AB90154-CA7B-4368-AE73-B36A464AE270}.Release|ARM.Deploy.0 = Release|Any CPU
		{0AB90154-CA7B-4368-AE73-B36A464AE270}.Release|iPhone.ActiveCfg = Release|Any CPU
		{0AB90154-CA7B-4368-AE73-B36A464AE270}.Release|iPhone.Build.0 = Release|Any CPU
		{0AB90154-CA7B-4368-AE73-B36A464AE270}.Release|iPhone.Deploy.0 = Release|Any CPU
		{0AB90154-CA7B-4368-AE73-B36A464AE270}.Release|iPhoneSimulator.ActiveCfg = Release|Any CPU
		{0AB90154-CA7B-4368-AE73-B36A464AE270}.Release|iPhoneSimulator.Build.0 = Release|Any CPU
		{0AB90154-CA7B-4368-AE73-B36A464AE270}.Release|iPhoneSimulator.Deploy.0 = Release|Any CPU
		{0AB90154-CA7B-4368-AE73-B36A464AE270}.Release|x64.ActiveCfg = Release|Any CPU
		{0AB90154-CA7B-4368-AE73-B36A464AE270}.Release|x64.Build.0 = Release|Any CPU
		{0AB90154-CA7B-4368-AE73-B36A464AE270}.Release|x64.Deploy.0 = Release|Any CPU
		{0AB90154-CA7B-4368-AE73-B36A464AE270}.Release|x86.ActiveCfg = Release|Any CPU
		{0AB90154-CA7B-4368-AE73-B36A464AE270}.Release|x86.Build.0 = Release|Any CPU
		{0AB90154-CA7B-4368-AE73-B36A464AE270}.Release|x86.Deploy.0 = Release|Any CPU
		{DD3C65BA-4093-4228-8D79-72A2F879F8D3}.Debug|Any CPU.ActiveCfg = Debug|Any CPU
		{DD3C65BA-4093-4228-8D79-72A2F879F8D3}.Debug|Any CPU.Build.0 = Debug|Any CPU
		{DD3C65BA-4093-4228-8D79-72A2F879F8D3}.Debug|Any CPU.Deploy.0 = Debug|Any CPU
		{DD3C65BA-4093-4228-8D79-72A2F879F8D3}.Debug|ARM.ActiveCfg = Debug|Any CPU
		{DD3C65BA-4093-4228-8D79-72A2F879F8D3}.Debug|ARM.Build.0 = Debug|Any CPU
		{DD3C65BA-4093-4228-8D79-72A2F879F8D3}.Debug|ARM.Deploy.0 = Debug|Any CPU
		{DD3C65BA-4093-4228-8D79-72A2F879F8D3}.Debug|iPhone.ActiveCfg = Debug|Any CPU
		{DD3C65BA-4093-4228-8D79-72A2F879F8D3}.Debug|iPhone.Build.0 = Debug|Any CPU
		{DD3C65BA-4093-4228-8D79-72A2F879F8D3}.Debug|iPhone.Deploy.0 = Debug|Any CPU
		{DD3C65BA-4093-4228-8D79-72A2F879F8D3}.Debug|iPhoneSimulator.ActiveCfg = Debug|Any CPU
		{DD3C65BA-4093-4228-8D79-72A2F879F8D3}.Debug|iPhoneSimulator.Build.0 = Debug|Any CPU
		{DD3C65BA-4093-4228-8D79-72A2F879F8D3}.Debug|iPhoneSimulator.Deploy.0 = Debug|Any CPU
		{DD3C65BA-4093-4228-8D79-72A2F879F8D3}.Debug|x64.ActiveCfg = Debug|Any CPU
		{DD3C65BA-4093-4228-8D79-72A2F879F8D3}.Debug|x64.Build.0 = Debug|Any CPU
		{DD3C65BA-4093-4228-8D79-72A2F879F8D3}.Debug|x64.Deploy.0 = Debug|Any CPU
		{DD3C65BA-4093-4228-8D79-72A2F879F8D3}.Debug|x86.ActiveCfg = Debug|Any CPU
		{DD3C65BA-4093-4228-8D79-72A2F879F8D3}.Debug|x86.Build.0 = Debug|Any CPU
		{DD3C65BA-4093-4228-8D79-72A2F879F8D3}.Debug|x86.Deploy.0 = Debug|Any CPU
		{DD3C65BA-4093-4228-8D79-72A2F879F8D3}.Release|Any CPU.ActiveCfg = Release|Any CPU
		{DD3C65BA-4093-4228-8D79-72A2F879F8D3}.Release|Any CPU.Build.0 = Release|Any CPU
		{DD3C65BA-4093-4228-8D79-72A2F879F8D3}.Release|Any CPU.Deploy.0 = Release|Any CPU
		{DD3C65BA-4093-4228-8D79-72A2F879F8D3}.Release|ARM.ActiveCfg = Release|Any CPU
		{DD3C65BA-4093-4228-8D79-72A2F879F8D3}.Release|ARM.Build.0 = Release|Any CPU
		{DD3C65BA-4093-4228-8D79-72A2F879F8D3}.Release|ARM.Deploy.0 = Release|Any CPU
		{DD3C65BA-4093-4228-8D79-72A2F879F8D3}.Release|iPhone.ActiveCfg = Release|Any CPU
		{DD3C65BA-4093-4228-8D79-72A2F879F8D3}.Release|iPhone.Build.0 = Release|Any CPU
		{DD3C65BA-4093-4228-8D79-72A2F879F8D3}.Release|iPhone.Deploy.0 = Release|Any CPU
		{DD3C65BA-4093-4228-8D79-72A2F879F8D3}.Release|iPhoneSimulator.ActiveCfg = Release|Any CPU
		{DD3C65BA-4093-4228-8D79-72A2F879F8D3}.Release|iPhoneSimulator.Build.0 = Release|Any CPU
		{DD3C65BA-4093-4228-8D79-72A2F879F8D3}.Release|iPhoneSimulator.Deploy.0 = Release|Any CPU
		{DD3C65BA-4093-4228-8D79-72A2F879F8D3}.Release|x64.ActiveCfg = Release|Any CPU
		{DD3C65BA-4093-4228-8D79-72A2F879F8D3}.Release|x64.Build.0 = Release|Any CPU
		{DD3C65BA-4093-4228-8D79-72A2F879F8D3}.Release|x64.Deploy.0 = Release|Any CPU
		{DD3C65BA-4093-4228-8D79-72A2F879F8D3}.Release|x86.ActiveCfg = Release|Any CPU
		{DD3C65BA-4093-4228-8D79-72A2F879F8D3}.Release|x86.Build.0 = Release|Any CPU
		{DD3C65BA-4093-4228-8D79-72A2F879F8D3}.Release|x86.Deploy.0 = Release|Any CPU
	EndGlobalSection
	GlobalSection(SolutionProperties) = preSolution
		HideSolutionNode = FALSE
	EndGlobalSection
	GlobalSection(ExtensibilityGlobals) = postSolution
		SolutionGuid = {5CC56B01-0AC5-4965-9025-FD3BA17A010C}
	EndGlobalSection
EndGlobal
