
Microsoft Visual Studio Solution File, Format Version 12.00
# Visual Studio Version 17
VisualStudioVersion = 17.0.31903.59
MinimumVisualStudioVersion = 10.0.40219.1
Project("{2150E333-8FDC-42A3-9474-1A3956D46DE8}") = "Apps", "Apps", "{1787FE1D-075E-9E68-7218-25F1BD1BBEAB}"
EndProject
Project("{FAE04EC0-301F-11D3-BF4B-00C04F79EFBC}") = "Maui.Countries", "Apps\Maui.Countries\Maui.Countries.csproj", "{830C5A1A-2554-4FB3-A3D8-CFC5ABBC1581}"
EndProject
Project("{FAE04EC0-301F-11D3-BF4B-00C04F79EFBC}") = "Maui.Popes", "Apps\Maui.Popes\Maui.Popes.csproj", "{8E097326-FA10-4DE0-B12A-D7862D85E161}"
EndProject
Project("{FAE04EC0-301F-11D3-BF4B-00C04F79EFBC}") = "Maui.Saints", "Apps\Maui.Saints\Maui.Saints.csproj", "{5E4B142A-25DF-45F2-9C78-C02487E4FCD2}"
EndProject
Project("{FAE04EC0-301F-11D3-BF4B-00C04F79EFBC}") = "Maui.Samples", "Apps\Maui.Samples\Maui.Samples.csproj", "{B62C4BD5-ECD5-4B47-B095-CB83C080DE27}"
EndProject
Project("{FAE04EC0-301F-11D3-BF4B-00C04F79EFBC}") = "Maui.WorldLeaders", "Apps\Maui.WorldLeaders\Maui.WorldLeaders.csproj", "{385A23D9-7020-447C-B117-C82FE4958292}"
EndProject
Project("{2150E333-8FDC-42A3-9474-1A3956D46DE8}") = "Library", "Library", "{50A17DA1-3556-4046-CEDC-33EB466D9C32}"
EndProject
Project("{FAE04EC0-301F-11D3-BF4B-00C04F79EFBC}") = "PjAds.Maui", "Library\PjAds.Maui\PjAds.Maui.csproj", "{E3C2DBE8-1B3A-460A-992D-37F1FD47B13D}"
EndProject
Project("{FAE04EC0-301F-11D3-BF4B-00C04F79EFBC}") = "WikiExtractor.Maui.App", "Library\WikiExtractor.Maui.App\WikiExtractor.Maui.App.csproj", "{5FA47D59-2957-4C19-8421-89D2DA1CEABB}"
EndProject
Project("{FAE04EC0-301F-11D3-BF4B-00C04F79EFBC}") = "WikiExtractor.Maui.Core", "Library\WikiExtractor.Maui.Core\WikiExtractor.Maui.Core.csproj", "{398AA1AD-956E-4186-AA86-1B12F0E76C47}"
EndProject
Global
	GlobalSection(SolutionConfigurationPlatforms) = preSolution
		Debug|Any CPU = Debug|Any CPU
		Debug|x64 = Debug|x64
		Debug|x86 = Debug|x86
		Release|Any CPU = Release|Any CPU
		Release|x64 = Release|x64
		Release|x86 = Release|x86
	EndGlobalSection
	GlobalSection(ProjectConfigurationPlatforms) = postSolution
		{830C5A1A-2554-4FB3-A3D8-CFC5ABBC1581}.Debug|Any CPU.ActiveCfg = Debug|Any CPU
		{830C5A1A-2554-4FB3-A3D8-CFC5ABBC1581}.Debug|Any CPU.Build.0 = Debug|Any CPU
		{830C5A1A-2554-4FB3-A3D8-CFC5ABBC1581}.Debug|x64.ActiveCfg = Debug|Any CPU
		{830C5A1A-2554-4FB3-A3D8-CFC5ABBC1581}.Debug|x64.Build.0 = Debug|Any CPU
		{830C5A1A-2554-4FB3-A3D8-CFC5ABBC1581}.Debug|x86.ActiveCfg = Debug|Any CPU
		{830C5A1A-2554-4FB3-A3D8-CFC5ABBC1581}.Debug|x86.Build.0 = Debug|Any CPU
		{830C5A1A-2554-4FB3-A3D8-CFC5ABBC1581}.Release|Any CPU.ActiveCfg = Release|Any CPU
		{830C5A1A-2554-4FB3-A3D8-CFC5ABBC1581}.Release|Any CPU.Build.0 = Release|Any CPU
		{830C5A1A-2554-4FB3-A3D8-CFC5ABBC1581}.Release|x64.ActiveCfg = Release|Any CPU
		{830C5A1A-2554-4FB3-A3D8-CFC5ABBC1581}.Release|x64.Build.0 = Release|Any CPU
		{830C5A1A-2554-4FB3-A3D8-CFC5ABBC1581}.Release|x86.ActiveCfg = Release|Any CPU
		{830C5A1A-2554-4FB3-A3D8-CFC5ABBC1581}.Release|x86.Build.0 = Release|Any CPU
		{8E097326-FA10-4DE0-B12A-D7862D85E161}.Debug|Any CPU.ActiveCfg = Debug|Any CPU
		{8E097326-FA10-4DE0-B12A-D7862D85E161}.Debug|Any CPU.Build.0 = Debug|Any CPU
		{8E097326-FA10-4DE0-B12A-D7862D85E161}.Debug|x64.ActiveCfg = Debug|Any CPU
		{8E097326-FA10-4DE0-B12A-D7862D85E161}.Debug|x64.Build.0 = Debug|Any CPU
		{8E097326-FA10-4DE0-B12A-D7862D85E161}.Debug|x86.ActiveCfg = Debug|Any CPU
		{8E097326-FA10-4DE0-B12A-D7862D85E161}.Debug|x86.Build.0 = Debug|Any CPU
		{8E097326-FA10-4DE0-B12A-D7862D85E161}.Release|Any CPU.ActiveCfg = Release|Any CPU
		{8E097326-FA10-4DE0-B12A-D7862D85E161}.Release|Any CPU.Build.0 = Release|Any CPU
		{8E097326-FA10-4DE0-B12A-D7862D85E161}.Release|x64.ActiveCfg = Release|Any CPU
		{8E097326-FA10-4DE0-B12A-D7862D85E161}.Release|x64.Build.0 = Release|Any CPU
		{8E097326-FA10-4DE0-B12A-D7862D85E161}.Release|x86.ActiveCfg = Release|Any CPU
		{8E097326-FA10-4DE0-B12A-D7862D85E161}.Release|x86.Build.0 = Release|Any CPU
		{5E4B142A-25DF-45F2-9C78-C02487E4FCD2}.Debug|Any CPU.ActiveCfg = Debug|Any CPU
		{5E4B142A-25DF-45F2-9C78-C02487E4FCD2}.Debug|Any CPU.Build.0 = Debug|Any CPU
		{5E4B142A-25DF-45F2-9C78-C02487E4FCD2}.Debug|x64.ActiveCfg = Debug|Any CPU
		{5E4B142A-25DF-45F2-9C78-C02487E4FCD2}.Debug|x64.Build.0 = Debug|Any CPU
		{5E4B142A-25DF-45F2-9C78-C02487E4FCD2}.Debug|x86.ActiveCfg = Debug|Any CPU
		{5E4B142A-25DF-45F2-9C78-C02487E4FCD2}.Debug|x86.Build.0 = Debug|Any CPU
		{5E4B142A-25DF-45F2-9C78-C02487E4FCD2}.Release|Any CPU.ActiveCfg = Release|Any CPU
		{5E4B142A-25DF-45F2-9C78-C02487E4FCD2}.Release|Any CPU.Build.0 = Release|Any CPU
		{5E4B142A-25DF-45F2-9C78-C02487E4FCD2}.Release|x64.ActiveCfg = Release|Any CPU
		{5E4B142A-25DF-45F2-9C78-C02487E4FCD2}.Release|x64.Build.0 = Release|Any CPU
		{5E4B142A-25DF-45F2-9C78-C02487E4FCD2}.Release|x86.ActiveCfg = Release|Any CPU
		{5E4B142A-25DF-45F2-9C78-C02487E4FCD2}.Release|x86.Build.0 = Release|Any CPU
		{B62C4BD5-ECD5-4B47-B095-CB83C080DE27}.Debug|Any CPU.ActiveCfg = Debug|Any CPU
		{B62C4BD5-ECD5-4B47-B095-CB83C080DE27}.Debug|Any CPU.Build.0 = Debug|Any CPU
		{B62C4BD5-ECD5-4B47-B095-CB83C080DE27}.Debug|x64.ActiveCfg = Debug|Any CPU
		{B62C4BD5-ECD5-4B47-B095-CB83C080DE27}.Debug|x64.Build.0 = Debug|Any CPU
		{B62C4BD5-ECD5-4B47-B095-CB83C080DE27}.Debug|x86.ActiveCfg = Debug|Any CPU
		{B62C4BD5-ECD5-4B47-B095-CB83C080DE27}.Debug|x86.Build.0 = Debug|Any CPU
		{B62C4BD5-ECD5-4B47-B095-CB83C080DE27}.Release|Any CPU.ActiveCfg = Release|Any CPU
		{B62C4BD5-ECD5-4B47-B095-CB83C080DE27}.Release|Any CPU.Build.0 = Release|Any CPU
		{B62C4BD5-ECD5-4B47-B095-CB83C080DE27}.Release|x64.ActiveCfg = Release|Any CPU
		{B62C4BD5-ECD5-4B47-B095-CB83C080DE27}.Release|x64.Build.0 = Release|Any CPU
		{B62C4BD5-ECD5-4B47-B095-CB83C080DE27}.Release|x86.ActiveCfg = Release|Any CPU
		{B62C4BD5-ECD5-4B47-B095-CB83C080DE27}.Release|x86.Build.0 = Release|Any CPU
		{385A23D9-7020-447C-B117-C82FE4958292}.Debug|Any CPU.ActiveCfg = Debug|Any CPU
		{385A23D9-7020-447C-B117-C82FE4958292}.Debug|Any CPU.Build.0 = Debug|Any CPU
		{385A23D9-7020-447C-B117-C82FE4958292}.Debug|x64.ActiveCfg = Debug|Any CPU
		{385A23D9-7020-447C-B117-C82FE4958292}.Debug|x64.Build.0 = Debug|Any CPU
		{385A23D9-7020-447C-B117-C82FE4958292}.Debug|x86.ActiveCfg = Debug|Any CPU
		{385A23D9-7020-447C-B117-C82FE4958292}.Debug|x86.Build.0 = Debug|Any CPU
		{385A23D9-7020-447C-B117-C82FE4958292}.Release|Any CPU.ActiveCfg = Release|Any CPU
		{385A23D9-7020-447C-B117-C82FE4958292}.Release|Any CPU.Build.0 = Release|Any CPU
		{385A23D9-7020-447C-B117-C82FE4958292}.Release|x64.ActiveCfg = Release|Any CPU
		{385A23D9-7020-447C-B117-C82FE4958292}.Release|x64.Build.0 = Release|Any CPU
		{385A23D9-7020-447C-B117-C82FE4958292}.Release|x86.ActiveCfg = Release|Any CPU
		{385A23D9-7020-447C-B117-C82FE4958292}.Release|x86.Build.0 = Release|Any CPU
		{E3C2DBE8-1B3A-460A-992D-37F1FD47B13D}.Debug|Any CPU.ActiveCfg = Debug|Any CPU
		{E3C2DBE8-1B3A-460A-992D-37F1FD47B13D}.Debug|Any CPU.Build.0 = Debug|Any CPU
		{E3C2DBE8-1B3A-460A-992D-37F1FD47B13D}.Debug|x64.ActiveCfg = Debug|Any CPU
		{E3C2DBE8-1B3A-460A-992D-37F1FD47B13D}.Debug|x64.Build.0 = Debug|Any CPU
		{E3C2DBE8-1B3A-460A-992D-37F1FD47B13D}.Debug|x86.ActiveCfg = Debug|Any CPU
		{E3C2DBE8-1B3A-460A-992D-37F1FD47B13D}.Debug|x86.Build.0 = Debug|Any CPU
		{E3C2DBE8-1B3A-460A-992D-37F1FD47B13D}.Release|Any CPU.ActiveCfg = Release|Any CPU
		{E3C2DBE8-1B3A-460A-992D-37F1FD47B13D}.Release|Any CPU.Build.0 = Release|Any CPU
		{E3C2DBE8-1B3A-460A-992D-37F1FD47B13D}.Release|x64.ActiveCfg = Release|Any CPU
		{E3C2DBE8-1B3A-460A-992D-37F1FD47B13D}.Release|x64.Build.0 = Release|Any CPU
		{E3C2DBE8-1B3A-460A-992D-37F1FD47B13D}.Release|x86.ActiveCfg = Release|Any CPU
		{E3C2DBE8-1B3A-460A-992D-37F1FD47B13D}.Release|x86.Build.0 = Release|Any CPU
		{5FA47D59-2957-4C19-8421-89D2DA1CEABB}.Debug|Any CPU.ActiveCfg = Debug|Any CPU
		{5FA47D59-2957-4C19-8421-89D2DA1CEABB}.Debug|Any CPU.Build.0 = Debug|Any CPU
		{5FA47D59-2957-4C19-8421-89D2DA1CEABB}.Debug|x64.ActiveCfg = Debug|Any CPU
		{5FA47D59-2957-4C19-8421-89D2DA1CEABB}.Debug|x64.Build.0 = Debug|Any CPU
		{5FA47D59-2957-4C19-8421-89D2DA1CEABB}.Debug|x86.ActiveCfg = Debug|Any CPU
		{5FA47D59-2957-4C19-8421-89D2DA1CEABB}.Debug|x86.Build.0 = Debug|Any CPU
		{5FA47D59-2957-4C19-8421-89D2DA1CEABB}.Release|Any CPU.ActiveCfg = Release|Any CPU
		{5FA47D59-2957-4C19-8421-89D2DA1CEABB}.Release|Any CPU.Build.0 = Release|Any CPU
		{5FA47D59-2957-4C19-8421-89D2DA1CEABB}.Release|x64.ActiveCfg = Release|Any CPU
		{5FA47D59-2957-4C19-8421-89D2DA1CEABB}.Release|x64.Build.0 = Release|Any CPU
		{5FA47D59-2957-4C19-8421-89D2DA1CEABB}.Release|x86.ActiveCfg = Release|Any CPU
		{5FA47D59-2957-4C19-8421-89D2DA1CEABB}.Release|x86.Build.0 = Release|Any CPU
		{398AA1AD-956E-4186-AA86-1B12F0E76C47}.Debug|Any CPU.ActiveCfg = Debug|Any CPU
		{398AA1AD-956E-4186-AA86-1B12F0E76C47}.Debug|Any CPU.Build.0 = Debug|Any CPU
		{398AA1AD-956E-4186-AA86-1B12F0E76C47}.Debug|x64.ActiveCfg = Debug|Any CPU
		{398AA1AD-956E-4186-AA86-1B12F0E76C47}.Debug|x64.Build.0 = Debug|Any CPU
		{398AA1AD-956E-4186-AA86-1B12F0E76C47}.Debug|x86.ActiveCfg = Debug|Any CPU
		{398AA1AD-956E-4186-AA86-1B12F0E76C47}.Debug|x86.Build.0 = Debug|Any CPU
		{398AA1AD-956E-4186-AA86-1B12F0E76C47}.Release|Any CPU.ActiveCfg = Release|Any CPU
		{398AA1AD-956E-4186-AA86-1B12F0E76C47}.Release|Any CPU.Build.0 = Release|Any CPU
		{398AA1AD-956E-4186-AA86-1B12F0E76C47}.Release|x64.ActiveCfg = Release|Any CPU
		{398AA1AD-956E-4186-AA86-1B12F0E76C47}.Release|x64.Build.0 = Release|Any CPU
		{398AA1AD-956E-4186-AA86-1B12F0E76C47}.Release|x86.ActiveCfg = Release|Any CPU
		{398AA1AD-956E-4186-AA86-1B12F0E76C47}.Release|x86.Build.0 = Release|Any CPU
	EndGlobalSection
	GlobalSection(SolutionProperties) = preSolution
		HideSolutionNode = FALSE
	EndGlobalSection
	GlobalSection(NestedProjects) = preSolution
		{830C5A1A-2554-4FB3-A3D8-CFC5ABBC1581} = {1787FE1D-075E-9E68-7218-25F1BD1BBEAB}
		{8E097326-FA10-4DE0-B12A-D7862D85E161} = {1787FE1D-075E-9E68-7218-25F1BD1BBEAB}
		{5E4B142A-25DF-45F2-9C78-C02487E4FCD2} = {1787FE1D-075E-9E68-7218-25F1BD1BBEAB}
		{B62C4BD5-ECD5-4B47-B095-CB83C080DE27} = {1787FE1D-075E-9E68-7218-25F1BD1BBEAB}
		{385A23D9-7020-447C-B117-C82FE4958292} = {1787FE1D-075E-9E68-7218-25F1BD1BBEAB}
		{E3C2DBE8-1B3A-460A-992D-37F1FD47B13D} = {50A17DA1-3556-4046-CEDC-33EB466D9C32}
		{5FA47D59-2957-4C19-8421-89D2DA1CEABB} = {50A17DA1-3556-4046-CEDC-33EB466D9C32}
		{398AA1AD-956E-4186-AA86-1B12F0E76C47} = {50A17DA1-3556-4046-CEDC-33EB466D9C32}
	EndGlobalSection
EndGlobal
